<?xml version="1.0" encoding="utf-8"?>
<Project ToolsVersion="4.0" xmlns="http://schemas.microsoft.com/developer/msbuild/2003">
  <ItemGroup>
    <Filter Include="Common">
      <UniqueIdentifier>953a950d-8f23-49c6-b64f-5e4a032f2f13</UniqueIdentifier>
    </Filter>
    <Filter Include="Assets">
      <UniqueIdentifier>1c4a63d8-8be7-4206-8e9b-c5c8bc272bb0</UniqueIdentifier>
      <Extensions>ico;cur;bmp;dds;dlg;fbx;rct;bin;rgs;gif;jpg;jpeg;jpe;resx;tga;tiff;tif;png;wav;mfcribbon-ms</Extensions>
    </Filter>
    <Filter Include="Resources">
      <UniqueIdentifier>{e07fced4-d323-4665-a6ef-0da58b0f46f4}</UniqueIdentifier>
    </Filter>
    <Filter Include="Resources\Fonts">
      <UniqueIdentifier>{582b0255-bd7f-4fbc-a35d-f8c13d2fbf14}</UniqueIdentifier>
    </Filter>
    <Filter Include="Resources\Textures">
      <UniqueIdentifier>{3c9cae57-ef8e-4d89-9ce8-daa682d325ba}</UniqueIdentifier>
    </Filter>
    <Filter Include="Resources\Icon">
      <UniqueIdentifier>{53043c45-2397-49b9-97e7-98faee0b0a41}</UniqueIdentifier>
    </Filter>
    <Filter Include="Resources\Models">
      <UniqueIdentifier>{4bb7f6ff-9803-4a2b-a0e8-bacbe656715d}</UniqueIdentifier>
    </Filter>
    <Filter Include="Libraries">
      <UniqueIdentifier>{c309d520-e3d0-40ec-859f-98ab4d9a9fd1}</UniqueIdentifier>
    </Filter>
    <Filter Include="Libraries\MyLib">
      <UniqueIdentifier>{a327e5ae-7623-4c97-9ac8-1d10ca95e8ca}</UniqueIdentifier>
    </Filter>
    <Filter Include="Libraries\Microsoft">
      <UniqueIdentifier>{3ad90921-3d35-490e-837c-bc326a24aeed}</UniqueIdentifier>
    </Filter>
    <Filter Include="Libraries\imgui">
      <UniqueIdentifier>{162edda7-4ff5-4180-8f15-7b071d6e053d}</UniqueIdentifier>
    </Filter>
    <Filter Include="Base">
      <UniqueIdentifier>{0b3e1fb6-36d9-40f6-8269-1e50f5b45bd6}</UniqueIdentifier>
    </Filter>
    <Filter Include="Base\Scene">
      <UniqueIdentifier>{211d34df-355c-4cc3-b2a1-e39f4ac63e77}</UniqueIdentifier>
    </Filter>
    <Filter Include="Base\Object">
      <UniqueIdentifier>{76e50db0-cc8e-4106-9821-459a567930ed}</UniqueIdentifier>
    </Filter>
    <Filter Include="Base\Component">
      <UniqueIdentifier>{c593b5a4-bf6c-4be9-a315-1f48c023ada1}</UniqueIdentifier>
    </Filter>
    <Filter Include="Base\Component\Transform">
      <UniqueIdentifier>{44004ab6-b044-41be-b0d1-aecbfc1c1b3b}</UniqueIdentifier>
    </Filter>
    <Filter Include="Base\Mylib">
      <UniqueIdentifier>{479fff29-b96a-4a98-bfa2-c3b262b0e265}</UniqueIdentifier>
    </Filter>
    <Filter Include="Base\Resources">
      <UniqueIdentifier>{2d3b70f6-02b4-49b3-8df4-e505bf1da4ae}</UniqueIdentifier>
    </Filter>
    <Filter Include="Base\Event">
      <UniqueIdentifier>{205b7939-61e5-4378-b3fa-1840d6e200c5}</UniqueIdentifier>
    </Filter>
    <Filter Include="Base\Camera">
      <UniqueIdentifier>{a84c735d-a03e-4c78-8c7a-b0a2782e98b1}</UniqueIdentifier>
    </Filter>
    <Filter Include="Base\RenderingSystem">
      <UniqueIdentifier>{5e489804-dc14-46f7-88d3-c506bf830924}</UniqueIdentifier>
    </Filter>
    <Filter Include="Base\RenderingSystem\RenderingPass">
      <UniqueIdentifier>{df2b379e-1e8d-427a-82bf-aa72360600f9}</UniqueIdentifier>
    </Filter>
    <Filter Include="Base\RenderingSystem\RenderingStrategy">
      <UniqueIdentifier>{03ae41b4-d86e-41e5-b9fe-a8164e8101dd}</UniqueIdentifier>
    </Filter>
    <Filter Include="Base\RenderingSystem\Material">
      <UniqueIdentifier>{226ae626-ea4b-4480-a8ba-95746979d34b}</UniqueIdentifier>
    </Filter>
    <Filter Include="Base\RenderingSystem\Material\NormalMaterial">
      <UniqueIdentifier>{ac332c3f-b0b2-462f-818b-618a66706f0c}</UniqueIdentifier>
    </Filter>
    <Filter Include="Base\RenderingSystem\Shaders">
      <UniqueIdentifier>{952a43a9-bd22-492a-a97e-658b7d87dde2}</UniqueIdentifier>
    </Filter>
    <Filter Include="Base\Component\Model">
      <UniqueIdentifier>{caa4a901-c5ce-4f0b-9e05-e7e1767bbd5d}</UniqueIdentifier>
    </Filter>
    <Filter Include="Base\RenderingSystem\RenderData">
      <UniqueIdentifier>{fdbf6776-ee3c-467a-b5cb-f945014719af}</UniqueIdentifier>
    </Filter>
  </ItemGroup>
  <ItemGroup>
    <ClInclude Include="pch.h" />
    <ClInclude Include="Game.h" />
    <ClInclude Include="StepTimer.h">
      <Filter>Common</Filter>
    </ClInclude>
    <ClInclude Include="DeviceResources.h">
      <Filter>Common</Filter>
    </ClInclude>
    <ClInclude Include="Libraries\Microsoft\DebugDraw.h">
      <Filter>Libraries\Microsoft</Filter>
    </ClInclude>
    <ClInclude Include="Libraries\MyLib\MemoryLeakDetector.h">
      <Filter>Libraries\MyLib</Filter>
    </ClInclude>
    <ClInclude Include="Libraries\imgui\imconfig.h">
      <Filter>Libraries\imgui</Filter>
    </ClInclude>
    <ClInclude Include="Libraries\imgui\imgui.h">
      <Filter>Libraries\imgui</Filter>
    </ClInclude>
    <ClInclude Include="Libraries\imgui\imgui_impl_dx11.h">
      <Filter>Libraries\imgui</Filter>
    </ClInclude>
    <ClInclude Include="Libraries\imgui\imgui_impl_win32.h">
      <Filter>Libraries\imgui</Filter>
    </ClInclude>
    <ClInclude Include="Libraries\imgui\imgui_internal.h">
      <Filter>Libraries\imgui</Filter>
    </ClInclude>
    <ClInclude Include="Libraries\imgui\imguiJapanese.h">
      <Filter>Libraries\imgui</Filter>
    </ClInclude>
    <ClInclude Include="Libraries\imgui\imstb_rectpack.h">
      <Filter>Libraries\imgui</Filter>
    </ClInclude>
    <ClInclude Include="Libraries\imgui\imstb_textedit.h">
      <Filter>Libraries\imgui</Filter>
    </ClInclude>
    <ClInclude Include="Libraries\imgui\imstb_truetype.h">
      <Filter>Libraries\imgui</Filter>
    </ClInclude>
    <ClInclude Include="Base\Scene\Scene.h">
      <Filter>Base\Scene</Filter>
    </ClInclude>
    <ClInclude Include="Base\Scene\SceneManager.h">
      <Filter>Base\Scene</Filter>
    </ClInclude>
    <ClInclude Include="Base\Scene\SceneState.h">
      <Filter>Base\Scene</Filter>
    </ClInclude>
    <ClInclude Include="Base\Object\Object.h">
      <Filter>Base\Object</Filter>
    </ClInclude>
    <ClInclude Include="Base\Component\Component.h">
      <Filter>Base\Component</Filter>
    </ClInclude>
    <ClInclude Include="Base\Component\Transform\Transform.h">
      <Filter>Base\Component\Transform</Filter>
    </ClInclude>
    <ClInclude Include="Base\CommonResources.h">
      <Filter>Base</Filter>
    </ClInclude>
    <ClInclude Include="Base\Screen.h">
      <Filter>Base</Filter>
    </ClInclude>
    <ClInclude Include="Base\Object\UnbreakableManager.h">
      <Filter>Base\Object</Filter>
    </ClInclude>
    <ClInclude Include="Base\Mylib\DebugString.h">
      <Filter>Base\Mylib</Filter>
    </ClInclude>
    <ClInclude Include="Base\Mylib\InputManager.h">
      <Filter>Base\Mylib</Filter>
    </ClInclude>
    <ClInclude Include="Base\Mylib\Singleton.h">
      <Filter>Base\Mylib</Filter>
    </ClInclude>
    <ClInclude Include="Base\Resources\GameResources.h">
      <Filter>Base\Resources</Filter>
    </ClInclude>
    <ClInclude Include="Base\Resources\ReadData.h">
      <Filter>Base\Resources</Filter>
    </ClInclude>
    <ClInclude Include="Base\Resources\ShaderManager.h">
      <Filter>Base\Resources</Filter>
    </ClInclude>
    <ClInclude Include="Base\Event\EventManager.h">
      <Filter>Base\Event</Filter>
    </ClInclude>
    <ClInclude Include="Base\Event\IObserver.h">
      <Filter>Base\Event</Filter>
    </ClInclude>
    <ClInclude Include="Base\Event\ISubject.h">
      <Filter>Base\Event</Filter>
    </ClInclude>
    <ClInclude Include="Base\Event\Observer.h">
      <Filter>Base\Event</Filter>
    </ClInclude>
    <ClInclude Include="Base\Event\Subject.h">
      <Filter>Base\Event</Filter>
    </ClInclude>
    <ClInclude Include="Base\Camera\Camera.h">
      <Filter>Base\Camera</Filter>
    </ClInclude>
    <ClInclude Include="Base\Camera\DebugCamera.h">
      <Filter>Base\Camera</Filter>
    </ClInclude>
    <ClInclude Include="Base\Scene\DebugScene.h">
      <Filter>Base\Scene</Filter>
    </ClInclude>
    <ClInclude Include="Base\RenderingSystem\RenderingSystem.h">
      <Filter>Base\RenderingSystem</Filter>
    </ClInclude>
    <ClInclude Include="Base\RenderingSystem\RenderingPass\IRenderingPass.h">
      <Filter>Base\RenderingSystem\RenderingPass</Filter>
    </ClInclude>
    <ClInclude Include="Base\RenderingSystem\RenderingStrategy\IRenderingStrategy.h">
      <Filter>Base\RenderingSystem\RenderingStrategy</Filter>
    </ClInclude>
    <ClInclude Include="Base\RenderingSystem\Material\IMaterial.h">
      <Filter>Base\RenderingSystem\Material</Filter>
    </ClInclude>
    <ClInclude Include="Base\RenderingSystem\RenderingConfig.h">
      <Filter>Base\RenderingSystem</Filter>
    </ClInclude>
    <ClInclude Include="Base\RenderingSystem\Material\Material.h">
      <Filter>Base\RenderingSystem\Material</Filter>
    </ClInclude>
    <ClInclude Include="Base\Mylib\ConstantBuffer.h">
      <Filter>Base\Mylib</Filter>
    </ClInclude>
    <ClInclude Include="Base\RenderingSystem\Material\NormalMaterial\NormalMaterial.h">
      <Filter>Base\RenderingSystem\Material\NormalMaterial</Filter>
    </ClInclude>
    <ClInclude Include="Base\Object\TestObject.h">
      <Filter>Base\Object</Filter>
    </ClInclude>
    <ClInclude Include="Base\Component\Model\Model3D.h">
      <Filter>Base\Component\Model</Filter>
    </ClInclude>
    <ClInclude Include="Base\RenderingSystem\RenderingStrategy\StandardRenderStrategy.h">
      <Filter>Base\RenderingSystem\RenderingStrategy</Filter>
    </ClInclude>
    <ClInclude Include="Base\Mylib\Log.h">
      <Filter>Base\Mylib</Filter>
    </ClInclude>
    <ClInclude Include="Base\RenderingSystem\Material\MaterialManager.h">
      <Filter>Base\RenderingSystem\Material</Filter>
    </ClInclude>
    <ClInclude Include="Base\RenderingSystem\Material\MaterialFactory.h">
      <Filter>Base\RenderingSystem\Material</Filter>
    </ClInclude>
    <ClInclude Include="Base\Base.h">
      <Filter>Base</Filter>
    </ClInclude>
    <ClInclude Include="Base\RenderingSystem\RenderData\RenderDatas.h">
      <Filter>Base\RenderingSystem\RenderData</Filter>
    </ClInclude>
    <ClInclude Include="Base\RenderingSystem\RenderingPass\ForwardRenderingPass.h">
      <Filter>Base\RenderingSystem\RenderingPass</Filter>
    </ClInclude>
    <ClInclude Include="Base\RenderingSystem\RenderingStrategy\InstancingRenderStrategy.h">
      <Filter>Base\RenderingSystem\RenderingStrategy</Filter>
    </ClInclude>
    <ClInclude Include="Base\Mylib\DebugTimer.h">
      <Filter>Base\Mylib</Filter>
    </ClInclude>
    <ClInclude Include="Base\RenderingSystem\Material\IInstancing.h">
      <Filter>Base\RenderingSystem\Material</Filter>
    </ClInclude>
    <ClInclude Include="Base\RenderingSystem\Material\InstancingMaterial.h">
      <Filter>Base\RenderingSystem\Material</Filter>
    </ClInclude>
  </ItemGroup>
  <ItemGroup>
    <ClCompile Include="pch.cpp" />
    <ClCompile Include="Game.cpp" />
    <ClCompile Include="Main.cpp" />
    <ClCompile Include="DeviceResources.cpp">
      <Filter>Common</Filter>
    </ClCompile>
    <ClCompile Include="Libraries\Microsoft\DebugDraw.cpp">
      <Filter>Libraries\Microsoft</Filter>
    </ClCompile>
    <ClCompile Include="Libraries\imgui\imgui.cpp">
      <Filter>Libraries\imgui</Filter>
    </ClCompile>
    <ClCompile Include="Libraries\imgui\imgui_draw.cpp">
      <Filter>Libraries\imgui</Filter>
    </ClCompile>
    <ClCompile Include="Libraries\imgui\imgui_impl_dx11.cpp">
      <Filter>Libraries\imgui</Filter>
    </ClCompile>
    <ClCompile Include="Libraries\imgui\imgui_impl_win32.cpp">
      <Filter>Libraries\imgui</Filter>
    </ClCompile>
    <ClCompile Include="Libraries\imgui\imgui_ja_gryph_ranges.cpp">
      <Filter>Libraries\imgui</Filter>
    </ClCompile>
    <ClCompile Include="Libraries\imgui\imgui_tables.cpp">
      <Filter>Libraries\imgui</Filter>
    </ClCompile>
    <ClCompile Include="Libraries\imgui\imgui_widgets.cpp">
      <Filter>Libraries\imgui</Filter>
    </ClCompile>
    <ClCompile Include="Base\Scene\Scene.cpp">
      <Filter>Base\Scene</Filter>
    </ClCompile>
    <ClCompile Include="Base\Scene\SceneManager.cpp">
      <Filter>Base\Scene</Filter>
    </ClCompile>
    <ClCompile Include="Base\Scene\SceneState.cpp">
      <Filter>Base\Scene</Filter>
    </ClCompile>
    <ClCompile Include="Base\Object\Object.cpp">
      <Filter>Base\Object</Filter>
    </ClCompile>
    <ClCompile Include="Base\Component\Component.cpp">
      <Filter>Base\Component</Filter>
    </ClCompile>
    <ClCompile Include="Base\Component\Transform\Transform.cpp">
      <Filter>Base\Component\Transform</Filter>
    </ClCompile>
    <ClCompile Include="Base\CommonResources.cpp">
      <Filter>Base</Filter>
    </ClCompile>
    <ClCompile Include="Base\Object\UnbreakableManager.cpp">
      <Filter>Base\Object</Filter>
    </ClCompile>
    <ClCompile Include="Base\Mylib\DebugString.cpp">
      <Filter>Base\Mylib</Filter>
    </ClCompile>
    <ClCompile Include="Base\Mylib\InputManager.cpp">
      <Filter>Base\Mylib</Filter>
    </ClCompile>
    <ClCompile Include="Base\Mylib\Singleton.cpp">
      <Filter>Base\Mylib</Filter>
    </ClCompile>
    <ClCompile Include="Base\Resources\GameResources.cpp">
      <Filter>Base\Resources</Filter>
    </ClCompile>
    <ClCompile Include="Base\Resources\ShaderManager.cpp">
      <Filter>Base\Resources</Filter>
    </ClCompile>
    <ClCompile Include="Base\Event\EventManager.cpp">
      <Filter>Base\Event</Filter>
    </ClCompile>
    <ClCompile Include="Base\Event\Observer.cpp">
      <Filter>Base\Event</Filter>
    </ClCompile>
    <ClCompile Include="Base\Event\Subject.cpp">
      <Filter>Base\Event</Filter>
    </ClCompile>
    <ClCompile Include="Base\Camera\Camera.cpp">
      <Filter>Base\Camera</Filter>
    </ClCompile>
    <ClCompile Include="Base\Camera\DebugCamera.cpp">
      <Filter>Base\Camera</Filter>
    </ClCompile>
    <ClCompile Include="Base\Scene\DebugScene.cpp">
      <Filter>Base\Scene</Filter>
    </ClCompile>
    <ClCompile Include="Base\RenderingSystem\RenderingSystem.cpp">
      <Filter>Base\RenderingSystem</Filter>
    </ClCompile>
    <ClCompile Include="Base\RenderingSystem\RenderingPass\IRenderingPass.cpp">
      <Filter>Base\RenderingSystem\RenderingPass</Filter>
    </ClCompile>
    <ClCompile Include="Base\RenderingSystem\RenderingStrategy\IRenderingStrategy.cpp">
      <Filter>Base\RenderingSystem\RenderingStrategy</Filter>
    </ClCompile>
    <ClCompile Include="Base\RenderingSystem\Material\IMaterial.cpp">
      <Filter>Base\RenderingSystem\Material</Filter>
    </ClCompile>
    <ClCompile Include="Base\RenderingSystem\Material\Material.cpp">
      <Filter>Base\RenderingSystem\Material</Filter>
    </ClCompile>
    <ClCompile Include="Base\Mylib\ConstantBuffer.cpp">
      <Filter>Base\Mylib</Filter>
    </ClCompile>
    <ClCompile Include="Base\RenderingSystem\Material\NormalMaterial\NormalMaterial.cpp">
      <Filter>Base\RenderingSystem\Material\NormalMaterial</Filter>
    </ClCompile>
    <ClCompile Include="Base\Object\TestObject.cpp">
      <Filter>Base\Object</Filter>
    </ClCompile>
    <ClCompile Include="Base\Component\Model\Model3D.cpp">
      <Filter>Base\Component\Model</Filter>
    </ClCompile>
    <ClCompile Include="Base\RenderingSystem\RenderingStrategy\StandardRenderStrategy.cpp">
      <Filter>Base\RenderingSystem\RenderingStrategy</Filter>
    </ClCompile>
    <ClCompile Include="Base\Mylib\Log.cpp">
      <Filter>Base\Mylib</Filter>
    </ClCompile>
    <ClCompile Include="Base\RenderingSystem\Material\MaterialManager.cpp">
      <Filter>Base\RenderingSystem\Material</Filter>
    </ClCompile>
    <ClCompile Include="Base\RenderingSystem\Material\MaterialFactory.cpp">
      <Filter>Base\RenderingSystem\Material</Filter>
    </ClCompile>
    <ClCompile Include="Base\RenderingSystem\RenderData\RenderDatas.cpp">
      <Filter>Base\RenderingSystem\RenderData</Filter>
    </ClCompile>
    <ClCompile Include="Base\RenderingSystem\RenderingPass\ForwardRenderingPass.cpp">
      <Filter>Base\RenderingSystem\RenderingPass</Filter>
    </ClCompile>
    <ClCompile Include="Base\RenderingSystem\RenderingStrategy\InstancingRenderStrategy.cpp">
      <Filter>Base\RenderingSystem\RenderingStrategy</Filter>
    </ClCompile>
    <ClCompile Include="Base\Mylib\DebugTimer.cpp">
      <Filter>Base\Mylib</Filter>
    </ClCompile>
    <ClCompile Include="Base\RenderingSystem\Material\IInstancing.cpp">
      <Filter>Base\RenderingSystem\Material</Filter>
    </ClCompile>
    <ClCompile Include="Base\RenderingSystem\Material\InstancingMaterial.cpp">
      <Filter>Base\RenderingSystem\Material</Filter>
    </ClCompile>
  </ItemGroup>
  <ItemGroup>
    <ResourceCompile Include="resource.rc" />
  </ItemGroup>
  <ItemGroup>
    <Image Include="directx.ico">
      <Filter>Assets</Filter>
    </Image>
  </ItemGroup>
  <ItemGroup>
    <Manifest Include="settings.manifest">
      <Filter>Assets</Filter>
    </Manifest>
  </ItemGroup>
  <ItemGroup>
    <None Include="packages.config" />
    <None Include="Base\RenderingSystem\Shaders\Common.hlsli">
      <Filter>Base\RenderingSystem\Shaders</Filter>
    </None>
  </ItemGroup>
  <ItemGroup>
    <FxCompile Include="Base\RenderingSystem\Shaders\NormalMaterialVS.hlsl">
      <Filter>Base\RenderingSystem\Shaders</Filter>
    </FxCompile>
    <FxCompile Include="Base\RenderingSystem\Shaders\NormalMaterialPS.hlsl">
      <Filter>Base\RenderingSystem\Shaders</Filter>
    </FxCompile>
    <FxCompile Include="Base\RenderingSystem\Shaders\InstancingBasicVS.hlsl">
      <Filter>Base\RenderingSystem\Shaders</Filter>
    </FxCompile>
  </ItemGroup>
</Project>